lockfileVersion: '9.0'

settings:
  autoInstallPeers: true
  excludeLinksFromLockfile: false

importers:

  .:
    dependencies:
      sweetalert2:
        specifier: ^11.14.0
        version: 11.14.0

packages:

  sweetalert2@11.14.0:
    resolution: {integrity: sha512-kF1Q/+GtZZXr+rYVcBNwlEsnxP089CpDbck+MYjvLaQj9x4fzHqN9UhlkHOIR0k09LVu2sx8cU9BnvRlxWIZqg==}

snapshots:

  sweetalert2@11.14.0: {}
